
Microsoft Visual Studio Solution File, Format Version 12.00
# Visual Studio Version 17
VisualStudioVersion = 17.6.33829.357
MinimumVisualStudioVersion = 10.0.40219.1
Project("{9A19103F-16F7-4668-BE54-9A1E7A4F7556}") = "APBD_Zadanie_6", "APBD_Zadanie_6\APBD_Zadanie_6.csproj", "{7BEBAF74-13F8-4865-95D2-2CBC3CA2390E}"
EndProject
Project("{FAE04EC0-301F-11D3-BF4B-00C04F79EFBC}") = "APBD_Zadanie_6.Tests", "APBD_Zadanie_6.Tests\APBD_Zadanie_6.Tests.csproj", "{040CC0A8-F7EB-46BF-B4B4-70C83C264732}"
EndProject
Global
	GlobalSection(SolutionConfigurationPlatforms) = preSolution
		Debug|Any CPU = Debug|Any CPU
		Release|Any CPU = Release|Any CPU
	EndGlobalSection
	GlobalSection(ProjectConfigurationPlatforms) = postSolution
		{7BEBAF74-13F8-4865-95D2-2CBC3CA2390E}.Debug|Any CPU.ActiveCfg = Debug|Any CPU
		{7BEBAF74-13F8-4865-95D2-2CBC3CA2390E}.Debug|Any CPU.Build.0 = Debug|Any CPU
		{7BEBAF74-13F8-4865-95D2-2CBC3CA2390E}.Release|Any CPU.ActiveCfg = Release|Any CPU
		{7BEBAF74-13F8-4865-95D2-2CBC3CA2390E}.Release|Any CPU.Build.0 = Release|Any CPU
		{040CC0A8-F7EB-46BF-B4B4-70C83C264732}.Debug|Any CPU.ActiveCfg = Debug|Any CPU
		{040CC0A8-F7EB-46BF-B4B4-70C83C264732}.Debug|Any CPU.Build.0 = Debug|Any CPU
		{040CC0A8-F7EB-46BF-B4B4-70C83C264732}.Release|Any CPU.ActiveCfg = Release|Any CPU
		{040CC0A8-F7EB-46BF-B4B4-70C83C264732}.Release|Any CPU.Build.0 = Release|Any CPU
	EndGlobalSection
	GlobalSection(SolutionProperties) = preSolution
		HideSolutionNode = FALSE
	EndGlobalSection
	GlobalSection(ExtensibilityGlobals) = postSolution
		SolutionGuid = {37C10607-F7A1-4D1A-92D1-D2AA05DBC7B2}
	EndGlobalSection
EndGlobal
